// !$*UTF8*$!
{
	archiveVersion = 1;
	classes = {
	};
	objectVersion = 46;
	objects = {

/* Begin PBXBuildFile section */
		9201545C1CCB9F61006B40D5 /* main.m in Sources */ = {isa = PBXBuildFile; fileRef = 9201545B1CCB9F61006B40D5 /* main.m */; };
		9201545F1CCB9F61006B40D5 /* AppDelegate.m in Sources */ = {isa = PBXBuildFile; fileRef = 9201545E1CCB9F61006B40D5 /* AppDelegate.m */; };
		920154621CCB9F61006B40D5 /* _______1.xcdatamodeld in Sources */ = {isa = PBXBuildFile; fileRef = 920154601CCB9F61006B40D5 /* _______1.xcdatamodeld */; };
		920154651CCB9F61006B40D5 /* ViewController.m in Sources */ = {isa = PBXBuildFile; fileRef = 920154641CCB9F61006B40D5 /* ViewController.m */; };
		920154681CCB9F61006B40D5 /* Main.storyboard in Resources */ = {isa = PBXBuildFile; fileRef = 920154661CCB9F61006B40D5 /* Main.storyboard */; };
		9201546A1CCB9F61006B40D5 /* Images.xcassets in Resources */ = {isa = PBXBuildFile; fileRef = 920154691CCB9F61006B40D5 /* Images.xcassets */; };
		9201546D1CCB9F61006B40D5 /* LaunchScreen.xib in Resources */ = {isa = PBXBuildFile; fileRef = 9201546B1CCB9F61006B40D5 /* LaunchScreen.xib */; };
		920154791CCB9F61006B40D5 /* _______1Tests.m in Sources */ = {isa = PBXBuildFile; fileRef = 920154781CCB9F61006B40D5 /* _______1Tests.m */; };
/* End PBXBuildFile section */

/* Begin PBXContainerItemProxy section */
		920154731CCB9F61006B40D5 /* PBXContainerItemProxy */ = {
			isa = PBXContainerItemProxy;
			containerPortal = 9201544E1CCB9F61006B40D5 /* Project object */;
			proxyType = 1;
			remoteGlobalIDString = 920154551CCB9F61006B40D5;
			remoteInfo = "抽屉效果 练习1";
		};
/* End PBXContainerItemProxy section */

/* Begin PBXFileReference section */
		920154561CCB9F61006B40D5 /* 抽屉效果 练习1.app */ = {isa = PBXFileReference; explicitFileType = wrapper.application; includeInIndex = 0; path = "抽屉效果 练习1.app"; sourceTree = BUILT_PRODUCTS_DIR; };
		9201545A1CCB9F61006B40D5 /* Info.plist */ = {isa = PBXFileReference; lastKnownFileType = text.plist.xml; path = Info.plist; sourceTree = "<group>"; };
		9201545B1CCB9F61006B40D5 /* main.m */ = {isa = PBXFileReference; lastKnownFileType = sourcecode.c.objc; path = main.m; sourceTree = "<group>"; };
		9201545D1CCB9F61006B40D5 /* AppDelegate.h */ = {isa = PBXFileReference; lastKnownFileType = sourcecode.c.h; path = AppDelegate.h; sourceTree = "<group>"; };
		9201545E1CCB9F61006B40D5 /* AppDelegate.m */ = {isa = PBXFileReference; lastKnownFileType = sourcecode.c.objc; path = AppDelegate.m; sourceTree = "<group>"; };
		920154611CCB9F61006B40D5 /* _______1.xcdatamodel */ = {isa = PBXFileReference; lastKnownFileType = wrapper.xcdatamodel; path = "_______1.xcdatamodel"; sourceTree = "<group>"; };
		920154631CCB9F61006B40D5 /* ViewController.h */ = {isa = PBXFileReference; lastKnownFileType = sourcecode.c.h; path = ViewController.h; sourceTree = "<group>"; };
		920154641CCB9F61006B40D5 /* ViewController.m */ = {isa = PBXFileReference; lastKnownFileType = sourcecode.c.objc; path = ViewController.m; sourceTree = "<group>"; };
		920154671CCB9F61006B40D5 /* Base */ = {isa = PBXFileReference; lastKnownFileType = file.storyboard; name = Base; path = Base.lproj/Main.storyboard; sourceTree = "<group>"; };
		920154691CCB9F61006B40D5 /* Images.xcassets */ = {isa = PBXFileReference; lastKnownFileType = folder.assetcatalog; path = Images.xcassets; sourceTree = "<group>"; };
		9201546C1CCB9F61006B40D5 /* Base */ = {isa = PBXFileReference; lastKnownFileType = file.xib; name = Base; path = Base.lproj/LaunchScreen.xib; sourceTree = "<group>"; };
		920154721CCB9F61006B40D5 /* 抽屉效果 练习1Tests.xctest */ = {isa = PBXFileReference; explicitFileType = wrapper.cfbundle; includeInIndex = 0; path = "抽屉效果 练习1Tests.xctest"; sourceTree = BUILT_PRODUCTS_DIR; };
		920154771CCB9F61006B40D5 /* Info.plist */ = {isa = PBXFileReference; lastKnownFileType = text.plist.xml; path = Info.plist; sourceTree = "<group>"; };
		920154781CCB9F61006B40D5 /* _______1Tests.m */ = {isa = PBXFileReference; lastKnownFileType = sourcecode.c.objc; path = "_______1Tests.m"; sourceTree = "<group>"; };
/* End PBXFileReference section */

/* Begin PBXFrameworksBuildPhase section */
		920154531CCB9F61006B40D5 /* Frameworks */ = {
			isa = PBXFrameworksBuildPhase;
			buildActionMask = 2147483647;
			files = (
			);
			runOnlyForDeploymentPostprocessing = 0;
		};
		9201546F1CCB9F61006B40D5 /* Frameworks */ = {
			isa = PBXFrameworksBuildPhase;
			buildActionMask = 2147483647;
			files = (
			);
			runOnlyForDeploymentPostprocessing = 0;
		};
/* End PBXFrameworksBuildPhase section */

/* Begin PBXGroup section */
		9201544D1CCB9F61006B40D5 = {
			isa = PBXGroup;
			children = (
				920154581CCB9F61006B40D5 /* 抽屉效果 练习1 */,
				920154751CCB9F61006B40D5 /* 抽屉效果 练习1Tests */,
				920154571CCB9F61006B40D5 /* Products */,
			);
			sourceTree = "<group>";
		};
		920154571CCB9F61006B40D5 /* Products */ = {
			isa = PBXGroup;
			children = (
				920154561CCB9F61006B40D5 /* 抽屉效果 练习1.app */,
				920154721CCB9F61006B40D5 /* 抽屉效果 练习1Tests.xctest */,
			);
			name = Products;
			sourceTree = "<group>";
		};
		920154581CCB9F61006B40D5 /* 抽屉效果 练习1 */ = {
			isa = PBXGroup;
			children = (
				9201545D1CCB9F61006B40D5 /* AppDelegate.h */,
				9201545E1CCB9F61006B40D5 /* AppDelegate.m */,
				920154631CCB9F61006B40D5 /* ViewController.h */,
				920154641CCB9F61006B40D5 /* ViewController.m */,
				920154661CCB9F61006B40D5 /* Main.storyboard */,
				920154691CCB9F61006B40D5 /* Images.xcassets */,
				9201546B1CCB9F61006B40D5 /* LaunchScreen.xib */,
				920154601CCB9F61006B40D5 /* _______1.xcdatamodeld */,
				920154591CCB9F61006B40D5 /* Supporting Files */,
			);
			path = "抽屉效果 练习1";
			sourceTree = "<group>";
		};
		920154591CCB9F61006B40D5 /* Supporting Files */ = {
			isa = PBXGroup;
			children = (
				9201545A1CCB9F61006B40D5 /* Info.plist */,
				9201545B1CCB9F61006B40D5 /* main.m */,
			);
			name = "Supporting Files";
			sourceTree = "<group>";
		};
		920154751CCB9F61006B40D5 /* 抽屉效果 练习1Tests */ = {
			isa = PBXGroup;
			children = (
				920154781CCB9F61006B40D5 /* _______1Tests.m */,
				920154761CCB9F61006B40D5 /* Supporting Files */,
			);
			path = "抽屉效果 练习1Tests";
			sourceTree = "<group>";
		};
		920154761CCB9F61006B40D5 /* Supporting Files */ = {
			isa = PBXGroup;
			children = (
				920154771CCB9F61006B40D5 /* Info.plist */,
			);
			name = "Supporting Files";
			sourceTree = "<group>";
		};
/* End PBXGroup section */

/* Begin PBXNativeTarget section */
		920154551CCB9F61006B40D5 /* 抽屉效果 练习1 */ = {
			isa = PBXNativeTarget;
			buildConfigurationList = 9201547C1CCB9F61006B40D5 /* Build configuration list for PBXNativeTarget "抽屉效果 练习1" */;
			buildPhases = (
				920154521CCB9F61006B40D5 /* Sources */,
				920154531CCB9F61006B40D5 /* Frameworks */,
				920154541CCB9F61006B40D5 /* Resources */,
			);
			buildRules = (
			);
			dependencies = (
			);
			name = "抽屉效果 练习1";
			productName = "抽屉效果 练习1";
			productReference = 920154561CCB9F61006B40D5 /* 抽屉效果 练习1.app */;
			productType = "com.apple.product-type.application";
		};
		920154711CCB9F61006B40D5 /* 抽屉效果 练习1Tests */ = {
			isa = PBXNativeTarget;
			buildConfigurationList = 9201547F1CCB9F61006B40D5 /* Build configuration list for PBXNativeTarget "抽屉效果 练习1Tests" */;
			buildPhases = (
				9201546E1CCB9F61006B40D5 /* Sources */,
				9201546F1CCB9F61006B40D5 /* Frameworks */,
				920154701CCB9F61006B40D5 /* Resources */,
			);
			buildRules = (
			);
			dependencies = (
				920154741CCB9F61006B40D5 /* PBXTargetDependency */,
			);
			name = "抽屉效果 练习1Tests";
			productName = "抽屉效果 练习1Tests";
			productReference = 920154721CCB9F61006B40D5 /* 抽屉效果 练习1Tests.xctest */;
			productType = "com.apple.product-type.bundle.unit-test";
		};
/* End PBXNativeTarget section */

/* Begin PBXProject section */
		9201544E1CCB9F61006B40D5 /* Project object */ = {
			isa = PBXProject;
			attributes = {
				LastUpgradeCheck = 0640;
				ORGANIZATIONNAME = "车德超";
				TargetAttributes = {
					920154551CCB9F61006B40D5 = {
						CreatedOnToolsVersion = 6.4;
					};
					920154711CCB9F61006B40D5 = {
						CreatedOnToolsVersion = 6.4;
						TestTargetID = 920154551CCB9F61006B40D5;
					};
				};
			};
			buildConfigurationList = 920154511CCB9F61006B40D5 /* Build configuration list for PBXProject "抽屉效果 练习1" */;
			compatibilityVersion = "Xcode 3.2";
			developmentRegion = English;
			hasScannedForEncodings = 0;
			knownRegions = (
				en,
				Base,
			);
			mainGroup = 9201544D1CCB9F61006B40D5;
			productRefGroup = 920154571CCB9F61006B40D5 /* Products */;
			projectDirPath = "";
			projectRoot = "";
			targets = (
				920154551CCB9F61006B40D5 /* 抽屉效果 练习1 */,
				920154711CCB9F61006B40D5 /* 抽屉效果 练习1Tests */,
			);
		};
/* End PBXProject section */

/* Begin PBXResourcesBuildPhase section */
		920154541CCB9F61006B40D5 /* Resources */ = {
			isa = PBXResourcesBuildPhase;
			buildActionMask = 2147483647;
			files = (
				920154681CCB9F61006B40D5 /* Main.storyboard in Resources */,
				9201546D1CCB9F61006B40D5 /* LaunchScreen.xib in Resources */,
				9201546A1CCB9F61006B40D5 /* Images.xcassets in Resources */,
			);
			runOnlyForDeploymentPostprocessing = 0;
		};
		920154701CCB9F61006B40D5 /* Resources */ = {
			isa = PBXResourcesBuildPhase;
			buildActionMask = 2147483647;
			files = (
			);
			runOnlyForDeploymentPostprocessing = 0;
		};
/* End PBXResourcesBuildPhase section */

/* Begin PBXSourcesBuildPhase section */
		920154521CCB9F61006B40D5 /* Sources */ = {
			isa = PBXSourcesBuildPhase;
			buildActionMask = 2147483647;
			files = (
				9201545F1CCB9F61006B40D5 /* AppDelegate.m in Sources */,
				9201545C1CCB9F61006B40D5 /* main.m in Sources */,
				920154651CCB9F61006B40D5 /* ViewController.m in Sources */,
				920154621CCB9F61006B40D5 /* _______1.xcdatamodeld in Sources */,
			);
			runOnlyForDeploymentPostprocessing = 0;
		};
		9201546E1CCB9F61006B40D5 /* Sources */ = {
			isa = PBXSourcesBuildPhase;
			buildActionMask = 2147483647;
			files = (
				920154791CCB9F61006B40D5 /* _______1Tests.m in Sources */,
			);
			runOnlyForDeploymentPostprocessing = 0;
		};
/* End PBXSourcesBuildPhase section */

/* Begin PBXTargetDependency section */
		920154741CCB9F61006B40D5 /* PBXTargetDependency */ = {
			isa = PBXTargetDependency;
			target = 920154551CCB9F61006B40D5 /* 抽屉效果 练习1 */;
			targetProxy = 920154731CCB9F61006B40D5 /* PBXContainerItemProxy */;
		};
/* End PBXTargetDependency section */

/* Begin PBXVariantGroup section */
		920154661CCB9F61006B40D5 /* Main.storyboard */ = {
			isa = PBXVariantGroup;
			children = (
				920154671CCB9F61006B40D5 /* Base */,
			);
			name = Main.storyboard;
			sourceTree = "<group>";
		};
		9201546B1CCB9F61006B40D5 /* LaunchScreen.xib */ = {
			isa = PBXVariantGroup;
			children = (
				9201546C1CCB9F61006B40D5 /* Base */,
			);
			name = LaunchScreen.xib;
			sourceTree = "<group>";
		};
/* End PBXVariantGroup section */

/* Begin XCBuildConfiguration section */
		9201547A1CCB9F61006B40D5 /* Debug */ = {
			isa = XCBuildConfiguration;
			buildSettings = {
				ALWAYS_SEARCH_USER_PATHS = NO;
				CLANG_CXX_LANGUAGE_STANDARD = "gnu++0x";
				CLANG_CXX_LIBRARY = "libc++";
				CLANG_ENABLE_MODULES = YES;
				CLANG_ENABLE_OBJC_ARC = YES;
				CLANG_WARN_BOOL_CONVERSION = YES;
				CLANG_WARN_CONSTANT_CONVERSION = YES;
				CLANG_WARN_DIRECT_OBJC_ISA_USAGE = YES_ERROR;
				CLANG_WARN_EMPTY_BODY = YES;
				CLANG_WARN_ENUM_CONVERSION = YES;
				CLANG_WARN_INT_CONVERSION = YES;
				CLANG_WARN_OBJC_ROOT_CLASS = YES_ERROR;
				CLANG_WARN_UNREACHABLE_CODE = YES;
				CLANG_WARN__DUPLICATE_METHOD_MATCH = YES;
				"CODE_SIGN_IDENTITY[sdk=iphoneos*]" = "iPhone Developer";
				COPY_PHASE_STRIP = NO;
				DEBUG_INFORMATION_FORMAT = "dwarf-with-dsym";
				ENABLE_STRICT_OBJC_MSGSEND = YES;
				GCC_C_LANGUAGE_STANDARD = gnu99;
				GCC_DYNAMIC_NO_PIC = NO;
				GCC_NO_COMMON_BLOCKS = YES;
				GCC_OPTIMIZATION_LEVEL = 0;
				GCC_PREPROCESSOR_DEFINITIONS = (
					"DEBUG=1",
					"$(inherited)",
				);
				GCC_SYMBOLS_PRIVATE_EXTERN = NO;
				GCC_WARN_64_TO_32_BIT_CONVERSION = YES;
				GCC_WARN_ABOUT_RETURN_TYPE = YES_ERROR;
				GCC_WARN_UNDECLARED_SELECTOR = YES;
				GCC_WARN_UNINITIALIZED_AUTOS = YES_AGGRESSIVE;
				GCC_WARN_UNUSED_FUNCTION = YES;
				GCC_WARN_UNUSED_VARIABLE = YES;
				IPHONEOS_DEPLOYMENT_TARGET = 8.4;
				MTL_ENABLE_DEBUG_INFO = YES;
				ONLY_ACTIVE_ARCH = YES;
				SDKROOT = iphoneos;
			};
			name = Debug;
		};
		9201547B1CCB9F61006B40D5 /* Release */ = {
			isa = XCBuildConfiguration;
			buildSettings = {
				ALWAYS_SEARCH_USER_PATHS = NO;
				CLANG_CXX_LANGUAGE_STANDARD = "gnu++0x";
				CLANG_CXX_LIBRARY = "libc++";
				CLANG_ENABLE_MODULES = YES;
				CLANG_ENABLE_OBJC_ARC = YES;
				CLANG_WARN_BOOL_CONVERSION = YES;
				CLANG_WARN_CONSTANT_CONVERSION = YES;
				CLANG_WARN_DIRECT_OBJC_ISA_USAGE = YES_ERROR;
				CLANG_WARN_EMPTY_BODY = YES;
				CLANG_WARN_ENUM_CONVERSION = YES;
				CLANG_WARN_INT_CONVERSION = YES;
				CLANG_WARN_OBJC_ROOT_CLASS = YES_ERROR;
				CLANG_WARN_UNREACHABLE_CODE = YES;
				CLANG_WARN__DUPLICATE_METHOD_MATCH = YES;
				"CODE_SIGN_IDENTITY[sdk=iphoneos*]" = "iPhone Developer";
				COPY_PHASE_STRIP = NO;
				DEBUG_INFORMATION_FORMAT = "dwarf-with-dsym";
				ENABLE_NS_ASSERTIONS = NO;
				ENABLE_STRICT_OBJC_MSGSEND = YES;
				GCC_C_LANGUAGE_STANDARD = gnu99;
				GCC_NO_COMMON_BLOCKS = YES;
				GCC_WARN_64_TO_32_BIT_CONVERSION = YES;
				GCC_WARN_ABOUT_RETURN_TYPE = YES_ERROR;
				GCC_WARN_UNDECLARED_SELECTOR = YES;
				GCC_WARN_UNINITIALIZED_AUTOS = YES_AGGRESSIVE;
				GCC_WARN_UNUSED_FUNCTION = YES;
				GCC_WARN_UNUSED_VARIABLE = YES;
				IPHONEOS_DEPLOYMENT_TARGET = 8.4;
				MTL_ENABLE_DEBUG_INFO = NO;
				SDKROOT = iphoneos;
				VALIDATE_PRODUCT = YES;
			};
			name = Release;
		};
		9201547D1CCB9F61006B40D5 /* Debug */ = {
			isa = XCBuildConfiguration;
			buildSettings = {
				ASSETCATALOG_COMPILER_APPICON_NAME = AppIcon;
				INFOPLIST_FILE = "抽屉效果 练习1/Info.plist";
				LD_RUNPATH_SEARCH_PATHS = "$(inherited) @executable_path/Frameworks";
				PRODUCT_NAME = "$(TARGET_NAME)";
			};
			name = Debug;
		};
		9201547E1CCB9F61006B40D5 /* Release */ = {
			isa = XCBuildConfiguration;
			buildSettings = {
				ASSETCATALOG_COMPILER_APPICON_NAME = AppIcon;
				INFOPLIST_FILE = "抽屉效果 练习1/Info.plist";
				LD_RUNPATH_SEARCH_PATHS = "$(inherited) @executable_path/Frameworks";
				PRODUCT_NAME = "$(TARGET_NAME)";
			};
			name = Release;
		};
		920154801CCB9F61006B40D5 /* Debug */ = {
			isa = XCBuildConfiguration;
			buildSettings = {
				BUNDLE_LOADER = "$(TEST_HOST)";
				FRAMEWORK_SEARCH_PATHS = (
					"$(SDKROOT)/Developer/Library/Frameworks",
					"$(inherited)",
				);
				GCC_PREPROCESSOR_DEFINITIONS = (
					"DEBUG=1",
					"$(inherited)",
				);
				INFOPLIST_FILE = "抽屉效果 练习1Tests/Info.plist";
				LD_RUNPATH_SEARCH_PATHS = "$(inherited) @executable_path/Frameworks @loader_path/Frameworks";
				PRODUCT_NAME = "$(TARGET_NAME)";
				TEST_HOST = "$(BUILT_PRODUCTS_DIR)/抽屉效果 练习1.app/抽屉效果 练习1";
			};
			name = Debug;
		};
		920154811CCB9F61006B40D5 /* Release */ = {
			isa = XCBuildConfiguration;
			buildSettings = {
				BUNDLE_LOADER = "$(TEST_HOST)";
				FRAMEWORK_SEARCH_PATHS = (
					"$(SDKROOT)/Developer/Library/Frameworks",
					"$(inherited)",
				);
				INFOPLIST_FILE = "抽屉效果 练习1Tests/Info.plist";
				LD_RUNPATH_SEARCH_PATHS = "$(inherited) @executable_path/Frameworks @loader_path/Frameworks";
				PRODUCT_NAME = "$(TARGET_NAME)";
				TEST_HOST = "$(BUILT_PRODUCTS_DIR)/抽屉效果 练习1.app/抽屉效果 练习1";
			};
			name = Release;
		};
/* End XCBuildConfiguration section */

/* Begin XCConfigurationList section */
		920154511CCB9F61006B40D5 /* Build configuration list for PBXProject "抽屉效果 练习1" */ = {
			isa = XCConfigurationList;
			buildConfigurations = (
				9201547A1CCB9F61006B40D5 /* Debug */,
				9201547B1CCB9F61006B40D5 /* Release */,
			);
			defaultConfigurationIsVisible = 0;
			defaultConfigurationName = Release;
		};
		9201547C1CCB9F61006B40D5 /* Build configuration list for PBXNativeTarget "抽屉效果 练习1" */ = {
			isa = XCConfigurationList;
			buildConfigurations = (
				9201547D1CCB9F61006B40D5 /* Debug */,
				9201547E1CCB9F61006B40D5 /* Release */,
			);
			defaultConfigurationIsVisible = 0;
		};
		9201547F1CCB9F61006B40D5 /* Build configuration list for PBXNativeTarget "抽屉效果 练习1Tests" */ = {
			isa = XCConfigurationList;
			buildConfigurations = (
				920154801CCB9F61006B40D5 /* Debug */,
				920154811CCB9F61006B40D5 /* Release */,
			);
			defaultConfigurationIsVisible = 0;
		};
/* End XCConfigurationList section */

/* Begin XCVersionGroup section */
		920154601CCB9F61006B40D5 /* _______1.xcdatamodeld */ = {
			isa = XCVersionGroup;
			children = (
				920154611CCB9F61006B40D5 /* _______1.xcdatamodel */,
			);
			currentVersion = 920154611CCB9F61006B40D5 /* _______1.xcdatamodel */;
			path = "_______1.xcdatamodeld";
			sourceTree = "<group>";
			versionGroupType = wrapper.xcdatamodel;
		};
/* End XCVersionGroup section */
	};
	rootObject = 9201544E1CCB9F61006B40D5 /* Project object */;
}
